
Microsoft Visual Studio Solution File, Format Version 12.00
# Visual Studio Version 16
VisualStudioVersion = 16.0.31129.286
MinimumVisualStudioVersion = 10.0.40219.1
Project("{9A19103F-16F7-4668-BE54-9A1E7A4F7556}") = "NumberCrunchWebApi", "NumberCrunchWebApi\NumberCrunchWebApi.csproj", "{89597025-48D0-42A6-B946-5B0326E1A580}"
EndProject
Project("{9A19103F-16F7-4668-BE54-9A1E7A4F7556}") = "NumberCrunchApi", "NumberCrunchApi\NumberCrunchApi.csproj", "{B327D16B-E33C-4961-B9C0-62C478C9DFE0}"
EndProject
Project("{FAE04EC0-301F-11D3-BF4B-00C04F79EFBC}") = "NumberCrunchDemo", "NumberCrunchDemo\NumberCrunchDemo.csproj", "{A6611BD6-EF40-4D8F-BC87-8A356B3248A9}"
EndProject
Global
	GlobalSection(SolutionConfigurationPlatforms) = preSolution
		Debug|Any CPU = Debug|Any CPU
		Release|Any CPU = Release|Any CPU
	EndGlobalSection
	GlobalSection(ProjectConfigurationPlatforms) = postSolution
		{89597025-48D0-42A6-B946-5B0326E1A580}.Debug|Any CPU.ActiveCfg = Debug|Any CPU
		{89597025-48D0-42A6-B946-5B0326E1A580}.Debug|Any CPU.Build.0 = Debug|Any CPU
		{89597025-48D0-42A6-B946-5B0326E1A580}.Release|Any CPU.ActiveCfg = Release|Any CPU
		{89597025-48D0-42A6-B946-5B0326E1A580}.Release|Any CPU.Build.0 = Release|Any CPU
		{B327D16B-E33C-4961-B9C0-62C478C9DFE0}.Debug|Any CPU.ActiveCfg = Debug|Any CPU
		{B327D16B-E33C-4961-B9C0-62C478C9DFE0}.Debug|Any CPU.Build.0 = Debug|Any CPU
		{B327D16B-E33C-4961-B9C0-62C478C9DFE0}.Release|Any CPU.ActiveCfg = Release|Any CPU
		{B327D16B-E33C-4961-B9C0-62C478C9DFE0}.Release|Any CPU.Build.0 = Release|Any CPU
		{A6611BD6-EF40-4D8F-BC87-8A356B3248A9}.Debug|Any CPU.ActiveCfg = Debug|Any CPU
		{A6611BD6-EF40-4D8F-BC87-8A356B3248A9}.Debug|Any CPU.Build.0 = Debug|Any CPU
		{A6611BD6-EF40-4D8F-BC87-8A356B3248A9}.Release|Any CPU.ActiveCfg = Release|Any CPU
		{A6611BD6-EF40-4D8F-BC87-8A356B3248A9}.Release|Any CPU.Build.0 = Release|Any CPU
	EndGlobalSection
	GlobalSection(SolutionProperties) = preSolution
		HideSolutionNode = FALSE
	EndGlobalSection
	GlobalSection(ExtensibilityGlobals) = postSolution
		SolutionGuid = {236C2E3D-F4E3-47C1-9242-8DF20D336360}
	EndGlobalSection
EndGlobal
